
Microsoft Visual Studio Solution File, Format Version 12.00
# Visual Studio Version 16
VisualStudioVersion = 16.0.29021.104
MinimumVisualStudioVersion = 10.0.40219.1
Project("{FAE04EC0-301F-11D3-BF4B-00C04F79EFBC}") = "ScryBuilder.Server", "ScryBuilder.Server\ScryBuilder.Server.csproj", "{11AA480D-5E78-4606-AA33-2157B164072E}"
EndProject
Project("{FAE04EC0-301F-11D3-BF4B-00C04F79EFBC}") = "ScryBuilder.Client", "ScryBuilder.Client\ScryBuilder.Client.csproj", "{DF8ECE5F-B75F-4882-98F0-63BA55DB84D7}"
EndProject
Project("{FAE04EC0-301F-11D3-BF4B-00C04F79EFBC}") = "ScryBuilder.Shared", "ScryBuilder.Shared\ScryBuilder.Shared.csproj", "{796F47FB-A68B-4C90-BB4E-A10A4D1364EE}"
EndProject
Global
	GlobalSection(SolutionConfigurationPlatforms) = preSolution
		Debug|Any CPU = Debug|Any CPU
		Release|Any CPU = Release|Any CPU
	EndGlobalSection
	GlobalSection(ProjectConfigurationPlatforms) = postSolution
		{11AA480D-5E78-4606-AA33-2157B164072E}.Debug|Any CPU.ActiveCfg = Debug|Any CPU
		{11AA480D-5E78-4606-AA33-2157B164072E}.Debug|Any CPU.Build.0 = Debug|Any CPU
		{11AA480D-5E78-4606-AA33-2157B164072E}.Release|Any CPU.ActiveCfg = Release|Any CPU
		{11AA480D-5E78-4606-AA33-2157B164072E}.Release|Any CPU.Build.0 = Release|Any CPU
		{DF8ECE5F-B75F-4882-98F0-63BA55DB84D7}.Debug|Any CPU.ActiveCfg = Debug|Any CPU
		{DF8ECE5F-B75F-4882-98F0-63BA55DB84D7}.Debug|Any CPU.Build.0 = Debug|Any CPU
		{DF8ECE5F-B75F-4882-98F0-63BA55DB84D7}.Release|Any CPU.ActiveCfg = Release|Any CPU
		{DF8ECE5F-B75F-4882-98F0-63BA55DB84D7}.Release|Any CPU.Build.0 = Release|Any CPU
		{796F47FB-A68B-4C90-BB4E-A10A4D1364EE}.Debug|Any CPU.ActiveCfg = Debug|Any CPU
		{796F47FB-A68B-4C90-BB4E-A10A4D1364EE}.Debug|Any CPU.Build.0 = Debug|Any CPU
		{796F47FB-A68B-4C90-BB4E-A10A4D1364EE}.Release|Any CPU.ActiveCfg = Release|Any CPU
		{796F47FB-A68B-4C90-BB4E-A10A4D1364EE}.Release|Any CPU.Build.0 = Release|Any CPU
	EndGlobalSection
	GlobalSection(SolutionProperties) = preSolution
		HideSolutionNode = FALSE
	EndGlobalSection
	GlobalSection(ExtensibilityGlobals) = postSolution
		SolutionGuid = {5B524745-BF1A-43E8-A844-BFAC1C5B9769}
	EndGlobalSection
EndGlobal
